# This is a Gradle generated file for dependency locking.
# Manual edits can break the build and are not advised.
# This file is expected to be part of source control.
# To regenerate this file, run: ./gradlew :ontrack-model:dependencies --write-locks
ch.qos.logback:logback-classic:1.5.34=compileClasspath,implementationDependenciesMetadata,runtimeClasspath,testCompileClasspath,testFixturesRuntimeClasspath,testImplementationDependenciesMetadata,testRuntimeClasspath
ch.qos.logback:logback-core:1.5.34=compileClasspath,implementationDependenciesMetadata,runtimeClasspath,testCompileClasspath,testFixturesRuntimeClasspath,testImplementationDependenciesMetadata,testRuntimeClasspath
co.elastic.clients:elasticsearch-java:8.18.8=apiDependenciesMetadata,compileClasspath,implementationDependenciesMetadata,runtimeClasspath,testCompileClasspath,testFixturesApiDependenciesMetadata,testFixturesCompileClasspath,testFixturesImplementationDependenciesMetadata,testFixturesRuntimeClasspath,testImplementationDependenciesMetadata,testRuntimeClasspath
com.fasterxml.jackson.core:jackson-annotations:2.21=apiDependenciesMetadata,compileClasspath,implementationDependenciesMetadata,runtimeClasspath,testCompileClasspath,testFixturesApiDependenciesMetadata,testFixturesCompileClasspath,testFixturesImplementationDependenciesMetadata,testFixturesRuntimeClasspath,testImplementationDependenciesMetadata,testRuntimeClasspath
com.fasterxml.jackson.core:jackson-core:2.21.4=apiDependenciesMetadata,compileClasspath,implementationDependenciesMetadata,runtimeClasspath,testCompileClasspath,testFixturesApiDependenciesMetadata,testFixturesCompileClasspath,testFixturesImplementationDependenciesMetadata,testFixturesRuntimeClasspath,testImplementationDependenciesMetadata,testRuntimeClasspath
com.fasterxml.jackson.core:jackson-databind:2.21.4=apiDependenciesMetadata,compileClasspath,implementationDependenciesMetadata,runtimeClasspath,testCompileClasspath,testFixturesApiDependenciesMetadata,testFixturesCompileClasspath,testFixturesImplementationDependenciesMetadata,testFixturesRuntimeClasspath,testImplementationDependenciesMetadata,testRuntimeClasspath
com.fasterxml.jackson.dataformat:jackson-dataformat-yaml:2.21.4=runtimeClasspath,testFixturesRuntimeClasspath,testRuntimeClasspath
com.fasterxml.jackson.datatype:jackson-datatype-jsr310:2.21.4=runtimeClasspath,testFixturesRuntimeClasspath,testRuntimeClasspath
com.fasterxml.jackson.module:jackson-module-kotlin:2.21.4=runtimeClasspath,testFixturesRuntimeClasspath,testRuntimeClasspath
com.fasterxml.jackson:jackson-bom:2.21.4=apiDependenciesMetadata,compileClasspath,implementationDependenciesMetadata,runtimeClasspath,testCompileClasspath,testFixturesApiDependenciesMetadata,testFixturesCompileClasspath,testFixturesImplementationDependenciesMetadata,testFixturesRuntimeClasspath,testImplementationDependenciesMetadata,testRuntimeClasspath
com.fasterxml:classmate:1.7.3=runtimeClasspath,testFixturesRuntimeClasspath,testRuntimeClasspath
com.github.ben-manes.caffeine:caffeine:2.9.3=swiftExportClasspathResolvable
com.google.code.findbugs:jsr305:3.0.2=apiDependenciesMetadata,compileClasspath,implementationDependenciesMetadata,runtimeClasspath,testCompileClasspath,testFixturesApiDependenciesMetadata,testFixturesCompileClasspath,testFixturesImplementationDependenciesMetadata,testFixturesRuntimeClasspath,testImplementationDependenciesMetadata,testRuntimeClasspath
com.google.errorprone:error_prone_annotations:2.28.0=swiftExportClasspathResolvable
com.jayway.jsonpath:json-path:2.9.0=testCompileClasspath,testImplementationDependenciesMetadata,testRuntimeClasspath
com.vaadin.external.google:android-json:0.0.20131108.vaadin1=testCompileClasspath,testImplementationDependenciesMetadata,testRuntimeClasspath
commons-codec:commons-codec:1.18.0=apiDependenciesMetadata,compileClasspath,implementationDependenciesMetadata,runtimeClasspath,testCompileClasspath,testFixturesApiDependenciesMetadata,testFixturesCompileClasspath,testFixturesImplementationDependenciesMetadata,testFixturesRuntimeClasspath,testImplementationDependenciesMetadata,testRuntimeClasspath
commons-io:commons-io:2.22.0=runtimeClasspath,testFixturesRuntimeClasspath,testRuntimeClasspath
io.github.java-diff-utils:java-diff-utils:4.12=kotlinInternalAbiValidation
io.micrometer:micrometer-commons:1.15.12=compileClasspath,implementationDependenciesMetadata,runtimeClasspath,testCompileClasspath,testFixturesCompileClasspath,testFixturesImplementationDependenciesMetadata,testFixturesRuntimeClasspath,testImplementationDependenciesMetadata,testRuntimeClasspath
io.micrometer:micrometer-core:1.15.12=compileClasspath,implementationDependenciesMetadata,runtimeClasspath,testCompileClasspath,testFixturesRuntimeClasspath,testImplementationDependenciesMetadata,testRuntimeClasspath
io.micrometer:micrometer-jakarta9:1.15.12=compileClasspath,implementationDependenciesMetadata,runtimeClasspath,testCompileClasspath,testFixturesRuntimeClasspath,testImplementationDependenciesMetadata,testRuntimeClasspath
io.micrometer:micrometer-observation:1.15.12=compileClasspath,implementationDependenciesMetadata,runtimeClasspath,testCompileClasspath,testFixturesCompileClasspath,testFixturesImplementationDependenciesMetadata,testFixturesRuntimeClasspath,testImplementationDependenciesMetadata,testRuntimeClasspath
io.mockk:mockk-agent-api-jvm:1.14.11=testCompileClasspath,testRuntimeClasspath
io.mockk:mockk-agent-api:1.14.11=testCompileClasspath,testImplementationDependenciesMetadata,testRuntimeClasspath
io.mockk:mockk-agent-jvm:1.14.11=testCompileClasspath,testRuntimeClasspath
io.mockk:mockk-agent:1.14.11=testCompileClasspath,testImplementationDependenciesMetadata,testRuntimeClasspath
io.mockk:mockk-core-jvm:1.14.11=testCompileClasspath,testRuntimeClasspath
io.mockk:mockk-core:1.14.11=testCompileClasspath,testImplementationDependenciesMetadata,testRuntimeClasspath
io.mockk:mockk-dsl-jvm:1.14.11=testCompileClasspath,testImplementationDependenciesMetadata,testRuntimeClasspath
io.mockk:mockk-dsl:1.14.11=testCompileClasspath,testImplementationDependenciesMetadata,testRuntimeClasspath
io.mockk:mockk-jvm:1.14.11=testCompileClasspath,testImplementationDependenciesMetadata,testRuntimeClasspath
io.mockk:mockk:1.14.11=testCompileClasspath,testImplementationDependenciesMetadata,testRuntimeClasspath
io.opentelemetry:opentelemetry-api:1.41.0=swiftExportClasspathResolvable
io.opentelemetry:opentelemetry-api:1.49.0=runtimeClasspath,testFixturesRuntimeClasspath,testRuntimeClasspath
io.opentelemetry:opentelemetry-context:1.41.0=swiftExportClasspathResolvable
io.opentelemetry:opentelemetry-context:1.49.0=runtimeClasspath,testFixturesRuntimeClasspath,testRuntimeClasspath
jakarta.activation:jakarta.activation-api:2.1.4=testCompileClasspath,testImplementationDependenciesMetadata,testRuntimeClasspath
jakarta.annotation:jakarta.annotation-api:2.1.1=compileClasspath,implementationDependenciesMetadata,runtimeClasspath,testCompileClasspath,testFixturesRuntimeClasspath,testImplementationDependenciesMetadata,testRuntimeClasspath
jakarta.json:jakarta.json-api:2.1.3=apiDependenciesMetadata,compileClasspath,implementationDependenciesMetadata,runtimeClasspath,testCompileClasspath,testFixturesApiDependenciesMetadata,testFixturesCompileClasspath,testFixturesImplementationDependenciesMetadata,testFixturesRuntimeClasspath,testImplementationDependenciesMetadata,testRuntimeClasspath
jakarta.validation:jakarta.validation-api:3.0.2=compileClasspath,implementationDependenciesMetadata,runtimeClasspath,testCompileClasspath,testFixturesRuntimeClasspath,testImplementationDependenciesMetadata,testRuntimeClasspath
jakarta.xml.bind:jakarta.xml.bind-api:4.0.5=testCompileClasspath,testImplementationDependenciesMetadata,testRuntimeClasspath
junit:junit:4.13.2=testCompileClasspath,testImplementationDependenciesMetadata,testRuntimeClasspath
net.bytebuddy:byte-buddy-agent:1.17.8=testImplementationDependenciesMetadata
net.bytebuddy:byte-buddy-agent:1.18.2=testCompileClasspath,testRuntimeClasspath
net.bytebuddy:byte-buddy:1.18.3=testCompileClasspath,testImplementationDependenciesMetadata,testRuntimeClasspath
net.minidev:accessors-smart:2.5.2=testCompileClasspath,testImplementationDependenciesMetadata,testRuntimeClasspath
net.minidev:json-smart:2.5.2=testCompileClasspath,testImplementationDependenciesMetadata,testRuntimeClasspath
org.apache.commons:commons-lang3:3.20.0=compileClasspath,implementationDependenciesMetadata,runtimeClasspath,testCompileClasspath,testFixturesRuntimeClasspath,testImplementationDependenciesMetadata,testRuntimeClasspath
org.apache.commons:commons-text:1.15.0=compileClasspath,implementationDependenciesMetadata,runtimeClasspath,testCompileClasspath,testFixturesRuntimeClasspath,testImplementationDependenciesMetadata,testRuntimeClasspath
org.apache.httpcomponents:httpasyncclient:4.1.5=apiDependenciesMetadata,compileClasspath,implementationDependenciesMetadata,runtimeClasspath,testCompileClasspath,testFixturesApiDependenciesMetadata,testFixturesCompileClasspath,testFixturesImplementationDependenciesMetadata,testFixturesRuntimeClasspath,testImplementationDependenciesMetadata,testRuntimeClasspath
org.apache.httpcomponents:httpclient:4.5.14=apiDependenciesMetadata,compileClasspath,implementationDependenciesMetadata,runtimeClasspath,testCompileClasspath,testFixturesApiDependenciesMetadata,testFixturesCompileClasspath,testFixturesImplementationDependenciesMetadata,testFixturesRuntimeClasspath,testImplementationDependenciesMetadata,testRuntimeClasspath
org.apache.httpcomponents:httpcore-nio:4.4.16=apiDependenciesMetadata,compileClasspath,implementationDependenciesMetadata,runtimeClasspath,testCompileClasspath,testFixturesApiDependenciesMetadata,testFixturesCompileClasspath,testFixturesImplementationDependenciesMetadata,testFixturesRuntimeClasspath,testImplementationDependenciesMetadata,testRuntimeClasspath
org.apache.httpcomponents:httpcore:4.4.16=apiDependenciesMetadata,compileClasspath,implementationDependenciesMetadata,runtimeClasspath,testCompileClasspath,testFixturesApiDependenciesMetadata,testFixturesCompileClasspath,testFixturesImplementationDependenciesMetadata,testFixturesRuntimeClasspath,testImplementationDependenciesMetadata,testRuntimeClasspath
org.apache.logging.log4j:log4j-api:2.24.3=compileClasspath,implementationDependenciesMetadata,runtimeClasspath,testCompileClasspath,testFixturesRuntimeClasspath,testImplementationDependenciesMetadata,testRuntimeClasspath
org.apache.logging.log4j:log4j-to-slf4j:2.24.3=compileClasspath,implementationDependenciesMetadata,runtimeClasspath,testCompileClasspath,testFixturesRuntimeClasspath,testImplementationDependenciesMetadata,testRuntimeClasspath
org.apiguardian:apiguardian-api:1.1.2=testCompileClasspath,testImplementationDependenciesMetadata
org.assertj:assertj-core:3.27.7=testCompileClasspath,testImplementationDependenciesMetadata,testRuntimeClasspath
org.awaitility:awaitility:4.2.2=testCompileClasspath,testImplementationDependenciesMetadata,testRuntimeClasspath
org.bouncycastle:bcpg-jdk18on:1.80=kotlinBouncyCastleConfiguration
org.bouncycastle:bcpkix-jdk18on:1.80=kotlinBouncyCastleConfiguration
org.bouncycastle:bcprov-jdk18on:1.80.2=kotlinBouncyCastleConfiguration
org.bouncycastle:bcutil-jdk18on:1.80.2=kotlinBouncyCastleConfiguration
org.checkerframework:checker-qual:3.43.0=swiftExportClasspathResolvable
org.eclipse.parsson:parsson:1.0.5=apiDependenciesMetadata,compileClasspath,implementationDependenciesMetadata,runtimeClasspath,testCompileClasspath,testFixturesApiDependenciesMetadata,testFixturesCompileClasspath,testFixturesImplementationDependenciesMetadata,testFixturesRuntimeClasspath,testImplementationDependenciesMetadata,testRuntimeClasspath
org.elasticsearch.client:elasticsearch-rest-client:8.18.8=apiDependenciesMetadata,compileClasspath,implementationDependenciesMetadata,runtimeClasspath,testCompileClasspath,testFixturesApiDependenciesMetadata,testFixturesCompileClasspath,testFixturesImplementationDependenciesMetadata,testFixturesRuntimeClasspath,testImplementationDependenciesMetadata,testRuntimeClasspath
org.hamcrest:hamcrest:3.0=testCompileClasspath,testImplementationDependenciesMetadata,testRuntimeClasspath
org.hdrhistogram:HdrHistogram:2.2.2=runtimeClasspath,testFixturesRuntimeClasspath,testRuntimeClasspath
org.hibernate.validator:hibernate-validator:8.0.3.Final=runtimeClasspath,testFixturesRuntimeClasspath,testRuntimeClasspath
org.jacoco:org.jacoco.agent:0.8.13=jacocoAgent,jacocoAnt
org.jacoco:org.jacoco.ant:0.8.13=jacocoAnt
org.jacoco:org.jacoco.core:0.8.13=jacocoAnt
org.jacoco:org.jacoco.report:0.8.13=jacocoAnt
org.jboss.logging:jboss-logging:3.6.3.Final=runtimeClasspath,testFixturesRuntimeClasspath,testRuntimeClasspath
org.jetbrains.kotlin:abi-tools-api:2.2.20=kotlinInternalAbiValidation
org.jetbrains.kotlin:abi-tools:2.2.20=kotlinInternalAbiValidation
org.jetbrains.kotlin:kotlin-allopen-compiler-plugin-embeddable:2.4.20=kotlinCompilerPluginClasspathMain,kotlinCompilerPluginClasspathTest,kotlinCompilerPluginClasspathTestFixtures
org.jetbrains.kotlin:kotlin-bom:2.2.20=annotationProcessor,apiDependenciesMetadata,compileClasspath,compileOnlyDependenciesMetadata,implementationDependenciesMetadata,runtimeClasspath,testAnnotationProcessor,testApiDependenciesMetadata,testCompileClasspath,testCompileOnlyDependenciesMetadata,testFixturesAnnotationProcessor,testFixturesApiDependenciesMetadata,testFixturesCompileClasspath,testFixturesCompileOnlyDependenciesMetadata,testFixturesImplementationDependenciesMetadata,testFixturesRuntimeClasspath,testImplementationDependenciesMetadata,testRuntimeClasspath
org.jetbrains.kotlin:kotlin-build-tools-api:2.4.0=kotlinAbiValidationCompatClasspath
org.jetbrains.kotlin:kotlin-build-tools-api:2.4.20=kotlinBuildToolsApiClasspath
org.jetbrains.kotlin:kotlin-build-tools-compat:2.4.20=kotlinAbiValidationCompatClasspath,kotlinBuildToolsApiClasspath
org.jetbrains.kotlin:kotlin-build-tools-cri-impl:2.4.0=kotlinAbiValidationCompatClasspath
org.jetbrains.kotlin:kotlin-build-tools-cri-impl:2.4.20=kotlinBuildToolsApiClasspath
org.jetbrains.kotlin:kotlin-build-tools-impl:2.4.0=kotlinAbiValidationCompatClasspath
org.jetbrains.kotlin:kotlin-build-tools-impl:2.4.20=kotlinBuildToolsApiClasspath
org.jetbrains.kotlin:kotlin-compiler-embeddable:2.2.20=kotlinCompilerClasspath,kotlinInternalAbiValidation,kotlinKlibCommonizerClasspath,swiftExportClasspathResolvable
org.jetbrains.kotlin:kotlin-compiler-embeddable:2.4.0=kotlinAbiValidationCompatClasspath
org.jetbrains.kotlin:kotlin-compiler-embeddable:2.4.20=kotlinBuildToolsApiClasspath
org.jetbrains.kotlin:kotlin-compiler-runner:2.4.0=kotlinAbiValidationCompatClasspath
org.jetbrains.kotlin:kotlin-compiler-runner:2.4.20=kotlinBuildToolsApiClasspath
org.jetbrains.kotlin:kotlin-daemon-client:2.4.0=kotlinAbiValidationCompatClasspath
org.jetbrains.kotlin:kotlin-daemon-client:2.4.20=kotlinBuildToolsApiClasspath
org.jetbrains.kotlin:kotlin-daemon-embeddable:2.2.20=kotlinCompilerClasspath,kotlinInternalAbiValidation,kotlinKlibCommonizerClasspath,swiftExportClasspathResolvable
org.jetbrains.kotlin:kotlin-daemon-embeddable:2.4.0=kotlinAbiValidationCompatClasspath
org.jetbrains.kotlin:kotlin-daemon-embeddable:2.4.20=kotlinBuildToolsApiClasspath
org.jetbrains.kotlin:kotlin-klib-commonizer-embeddable:2.2.20=kotlinKlibCommonizerClasspath
org.jetbrains.kotlin:kotlin-metadata-jvm:2.2.20=kotlinInternalAbiValidation
org.jetbrains.kotlin:kotlin-reflect:1.6.10=kotlinAbiValidationCompatClasspath,kotlinBuildToolsApiClasspath,kotlinCompilerClasspath,kotlinInternalAbiValidation,kotlinKlibCommonizerClasspath,swiftExportClasspathResolvable
org.jetbrains.kotlin:kotlin-reflect:2.2.20=implementationDependenciesMetadata,testImplementationDependenciesMetadata
org.jetbrains.kotlin:kotlin-reflect:2.4.20=compileClasspath,runtimeClasspath,testCompileClasspath,testFixturesRuntimeClasspath,testRuntimeClasspath
org.jetbrains.kotlin:kotlin-script-runtime:2.2.20=kotlinCompilerClasspath,kotlinInternalAbiValidation,kotlinKlibCommonizerClasspath,swiftExportClasspathResolvable
org.jetbrains.kotlin:kotlin-script-runtime:2.4.0=kotlinAbiValidationCompatClasspath
org.jetbrains.kotlin:kotlin-script-runtime:2.4.20=kotlinBuildToolsApiClasspath,kotlinCompilerPluginClasspathMain,kotlinCompilerPluginClasspathTest,kotlinCompilerPluginClasspathTestFixtures
org.jetbrains.kotlin:kotlin-scripting-common:2.4.20=kotlinCompilerPluginClasspathMain,kotlinCompilerPluginClasspathTest,kotlinCompilerPluginClasspathTestFixtures
org.jetbrains.kotlin:kotlin-scripting-compiler-embeddable:2.4.20=kotlinCompilerPluginClasspathMain,kotlinCompilerPluginClasspathTest,kotlinCompilerPluginClasspathTestFixtures
org.jetbrains.kotlin:kotlin-scripting-compiler-impl-embeddable:2.4.20=kotlinCompilerPluginClasspathMain,kotlinCompilerPluginClasspathTest,kotlinCompilerPluginClasspathTestFixtures
org.jetbrains.kotlin:kotlin-scripting-jvm:2.4.20=kotlinCompilerPluginClasspathMain,kotlinCompilerPluginClasspathTest,kotlinCompilerPluginClasspathTestFixtures
org.jetbrains.kotlin:kotlin-stdlib-common:2.2.20=implementationDependenciesMetadata
org.jetbrains.kotlin:kotlin-stdlib-common:2.2.21=testImplementationDependenciesMetadata
org.jetbrains.kotlin:kotlin-stdlib:2.2.20=implementationDependenciesMetadata,kotlinCompilerClasspath,kotlinInternalAbiValidation,kotlinKlibCommonizerClasspath,swiftExportClasspathResolvable,testFixturesApiDependenciesMetadata,testFixturesImplementationDependenciesMetadata
org.jetbrains.kotlin:kotlin-stdlib:2.2.21=testImplementationDependenciesMetadata
org.jetbrains.kotlin:kotlin-stdlib:2.4.0=kotlinAbiValidationCompatClasspath
org.jetbrains.kotlin:kotlin-stdlib:2.4.20=compileClasspath,kotlinBuildToolsApiClasspath,kotlinCompilerPluginClasspathMain,kotlinCompilerPluginClasspathTest,kotlinCompilerPluginClasspathTestFixtures,runtimeClasspath,testCompileClasspath,testFixturesCompileClasspath,testFixturesRuntimeClasspath,testRuntimeClasspath
org.jetbrains.kotlin:kotlin-test-junit5:2.2.20=testImplementationDependenciesMetadata
org.jetbrains.kotlin:kotlin-test-junit5:2.4.20=testCompileClasspath,testRuntimeClasspath
org.jetbrains.kotlin:kotlin-test:2.2.20=testImplementationDependenciesMetadata
org.jetbrains.kotlin:kotlin-test:2.4.20=testCompileClasspath,testRuntimeClasspath
org.jetbrains.kotlin:kotlin-tooling-core:2.4.20=kotlinAbiValidationCompatClasspath,kotlinBuildToolsApiClasspath
org.jetbrains.kotlin:swift-export-embeddable:2.2.20=swiftExportClasspathResolvable
org.jetbrains.kotlinx:atomicfu:0.23.1=implementationDependenciesMetadata,testImplementationDependenciesMetadata
org.jetbrains.kotlinx:kotlinx-coroutines-bom:1.10.2=annotationProcessor,apiDependenciesMetadata,compileClasspath,compileOnlyDependenciesMetadata,implementationDependenciesMetadata,runtimeClasspath,testAnnotationProcessor,testApiDependenciesMetadata,testCompileClasspath,testCompileOnlyDependenciesMetadata,testFixturesAnnotationProcessor,testFixturesApiDependenciesMetadata,testFixturesCompileClasspath,testFixturesCompileOnlyDependenciesMetadata,testFixturesImplementationDependenciesMetadata,testFixturesRuntimeClasspath,testImplementationDependenciesMetadata,testRuntimeClasspath
org.jetbrains.kotlinx:kotlinx-coroutines-core-jvm:1.10.2=compileClasspath,runtimeClasspath,testCompileClasspath,testFixturesRuntimeClasspath,testRuntimeClasspath
org.jetbrains.kotlinx:kotlinx-coroutines-core-jvm:1.8.0=kotlinAbiValidationCompatClasspath,kotlinBuildToolsApiClasspath,kotlinCompilerClasspath,kotlinInternalAbiValidation,kotlinKlibCommonizerClasspath,swiftExportClasspathResolvable
org.jetbrains.kotlinx:kotlinx-coroutines-core:1.10.2=compileClasspath,implementationDependenciesMetadata,runtimeClasspath,testCompileClasspath,testFixturesRuntimeClasspath,testImplementationDependenciesMetadata,testRuntimeClasspath
org.jetbrains.kotlinx:kotlinx-serialization-bom:1.7.3=swiftExportClasspathResolvable
org.jetbrains.kotlinx:kotlinx-serialization-core-jvm:1.7.3=swiftExportClasspathResolvable
org.jetbrains.kotlinx:kotlinx-serialization-core:1.7.3=swiftExportClasspathResolvable
org.jetbrains:annotations:13.0=kotlinAbiValidationCompatClasspath,kotlinBuildToolsApiClasspath,kotlinCompilerClasspath,kotlinCompilerPluginClasspathMain,kotlinCompilerPluginClasspathTest,kotlinCompilerPluginClasspathTestFixtures,kotlinInternalAbiValidation,kotlinKlibCommonizerClasspath,swiftExportClasspathResolvable,testFixturesCompileClasspath
org.jetbrains:annotations:23.0.0=compileClasspath,runtimeClasspath,testCompileClasspath,testFixturesRuntimeClasspath,testRuntimeClasspath
org.jsoup:jsoup:1.23.2=runtimeClasspath,testFixturesRuntimeClasspath,testRuntimeClasspath
org.junit.jupiter:junit-jupiter-api:5.12.2=testCompileClasspath,testImplementationDependenciesMetadata,testRuntimeClasspath
org.junit.jupiter:junit-jupiter-engine:5.12.2=testRuntimeClasspath
org.junit.jupiter:junit-jupiter-params:5.12.2=testCompileClasspath,testImplementationDependenciesMetadata,testRuntimeClasspath
org.junit.jupiter:junit-jupiter:5.12.2=testCompileClasspath,testImplementationDependenciesMetadata,testRuntimeClasspath
org.junit.platform:junit-platform-commons:1.12.2=testCompileClasspath,testImplementationDependenciesMetadata,testRuntimeClasspath
org.junit.platform:junit-platform-engine:1.12.2=testCompileClasspath,testImplementationDependenciesMetadata,testRuntimeClasspath
org.junit.platform:junit-platform-launcher:1.12.2=testRuntimeClasspath
org.junit.vintage:junit-vintage-engine:5.12.2=testCompileClasspath,testImplementationDependenciesMetadata,testRuntimeClasspath
org.junit:junit-bom:5.12.2=testCompileClasspath,testImplementationDependenciesMetadata,testRuntimeClasspath
org.latencyutils:LatencyUtils:2.0.3=runtimeClasspath,testFixturesRuntimeClasspath,testRuntimeClasspath
org.mockito:mockito-core:5.17.0=testCompileClasspath,testImplementationDependenciesMetadata,testRuntimeClasspath
org.mockito:mockito-junit-jupiter:5.17.0=testCompileClasspath,testImplementationDependenciesMetadata,testRuntimeClasspath
org.objenesis:objenesis:3.4=testCompileClasspath,testRuntimeClasspath
org.opentest4j:opentest4j:1.3.0=testCompileClasspath,testImplementationDependenciesMetadata,testRuntimeClasspath
org.ow2.asm:asm-commons:9.8=jacocoAnt
org.ow2.asm:asm-tree:9.8=jacocoAnt
org.ow2.asm:asm:9.7.1=testCompileClasspath,testImplementationDependenciesMetadata,testRuntimeClasspath
org.ow2.asm:asm:9.8=jacocoAnt
org.skyscreamer:jsonassert:1.5.3=testCompileClasspath,testImplementationDependenciesMetadata,testRuntimeClasspath
org.slf4j:jul-to-slf4j:2.0.18=compileClasspath,implementationDependenciesMetadata,runtimeClasspath,testCompileClasspath,testFixturesRuntimeClasspath,testImplementationDependenciesMetadata,testRuntimeClasspath
org.slf4j:slf4j-api:2.0.18=compileClasspath,implementationDependenciesMetadata,runtimeClasspath,testCompileClasspath,testFixturesRuntimeClasspath,testImplementationDependenciesMetadata,testRuntimeClasspath
org.springframework.boot:spring-boot-actuator-autoconfigure:3.5.16=compileClasspath,implementationDependenciesMetadata,runtimeClasspath,testCompileClasspath,testFixturesRuntimeClasspath,testImplementationDependenciesMetadata,testRuntimeClasspath
org.springframework.boot:spring-boot-actuator:3.5.16=compileClasspath,implementationDependenciesMetadata,runtimeClasspath,testCompileClasspath,testFixturesRuntimeClasspath,testImplementationDependenciesMetadata,testRuntimeClasspath
org.springframework.boot:spring-boot-autoconfigure:3.5.16=compileClasspath,implementationDependenciesMetadata,runtimeClasspath,testCompileClasspath,testFixturesRuntimeClasspath,testImplementationDependenciesMetadata,testRuntimeClasspath
org.springframework.boot:spring-boot-dependencies:3.5.16=annotationProcessor,apiDependenciesMetadata,compileClasspath,compileOnlyDependenciesMetadata,implementationDependenciesMetadata,runtimeClasspath,testAnnotationProcessor,testApiDependenciesMetadata,testCompileClasspath,testCompileOnlyDependenciesMetadata,testFixturesAnnotationProcessor,testFixturesApiDependenciesMetadata,testFixturesCompileClasspath,testFixturesCompileOnlyDependenciesMetadata,testFixturesImplementationDependenciesMetadata,testFixturesRuntimeClasspath,testImplementationDependenciesMetadata,testRuntimeClasspath
org.springframework.boot:spring-boot-starter-actuator:3.5.16=compileClasspath,implementationDependenciesMetadata,runtimeClasspath,testCompileClasspath,testFixturesRuntimeClasspath,testImplementationDependenciesMetadata,testRuntimeClasspath
org.springframework.boot:spring-boot-starter-logging:3.5.16=compileClasspath,implementationDependenciesMetadata,runtimeClasspath,testCompileClasspath,testFixturesRuntimeClasspath,testImplementationDependenciesMetadata,testRuntimeClasspath
org.springframework.boot:spring-boot-starter-test:3.5.16=testCompileClasspath,testImplementationDependenciesMetadata,testRuntimeClasspath
org.springframework.boot:spring-boot-starter:3.5.16=compileClasspath,implementationDependenciesMetadata,runtimeClasspath,testCompileClasspath,testFixturesRuntimeClasspath,testImplementationDependenciesMetadata,testRuntimeClasspath
org.springframework.boot:spring-boot-test-autoconfigure:3.5.16=testCompileClasspath,testImplementationDependenciesMetadata,testRuntimeClasspath
org.springframework.boot:spring-boot-test:3.5.16=testCompileClasspath,testImplementationDependenciesMetadata,testRuntimeClasspath
org.springframework.boot:spring-boot:3.5.16=compileClasspath,implementationDependenciesMetadata,runtimeClasspath,testCompileClasspath,testFixturesRuntimeClasspath,testImplementationDependenciesMetadata,testRuntimeClasspath
org.springframework.security:spring-security-core:6.5.11=compileClasspath,implementationDependenciesMetadata,runtimeClasspath,testCompileClasspath,testFixturesRuntimeClasspath,testImplementationDependenciesMetadata,testRuntimeClasspath
org.springframework.security:spring-security-crypto:6.5.11=compileClasspath,implementationDependenciesMetadata,runtimeClasspath,testCompileClasspath,testFixturesRuntimeClasspath,testImplementationDependenciesMetadata,testRuntimeClasspath
org.springframework:spring-aop:6.2.19=compileClasspath,implementationDependenciesMetadata,runtimeClasspath,testCompileClasspath,testFixturesCompileClasspath,testFixturesImplementationDependenciesMetadata,testFixturesRuntimeClasspath,testImplementationDependenciesMetadata,testRuntimeClasspath
org.springframework:spring-beans:6.2.19=apiDependenciesMetadata,compileClasspath,implementationDependenciesMetadata,runtimeClasspath,testCompileClasspath,testFixturesApiDependenciesMetadata,testFixturesCompileClasspath,testFixturesImplementationDependenciesMetadata,testFixturesRuntimeClasspath,testImplementationDependenciesMetadata,testRuntimeClasspath
org.springframework:spring-context:6.2.19=compileClasspath,implementationDependenciesMetadata,runtimeClasspath,testCompileClasspath,testFixturesCompileClasspath,testFixturesImplementationDependenciesMetadata,testFixturesRuntimeClasspath,testImplementationDependenciesMetadata,testRuntimeClasspath
org.springframework:spring-core:6.2.19=apiDependenciesMetadata,compileClasspath,implementationDependenciesMetadata,runtimeClasspath,testCompileClasspath,testFixturesApiDependenciesMetadata,testFixturesCompileClasspath,testFixturesImplementationDependenciesMetadata,testFixturesRuntimeClasspath,testImplementationDependenciesMetadata,testRuntimeClasspath
org.springframework:spring-expression:6.2.19=compileClasspath,implementationDependenciesMetadata,runtimeClasspath,testCompileClasspath,testFixturesCompileClasspath,testFixturesImplementationDependenciesMetadata,testFixturesRuntimeClasspath,testImplementationDependenciesMetadata,testRuntimeClasspath
org.springframework:spring-jcl:6.2.19=apiDependenciesMetadata,compileClasspath,implementationDependenciesMetadata,runtimeClasspath,testCompileClasspath,testFixturesApiDependenciesMetadata,testFixturesCompileClasspath,testFixturesImplementationDependenciesMetadata,testFixturesRuntimeClasspath,testImplementationDependenciesMetadata,testRuntimeClasspath
org.springframework:spring-test:6.2.19=testCompileClasspath,testImplementationDependenciesMetadata,testRuntimeClasspath
org.springframework:spring-tx:6.2.19=apiDependenciesMetadata,compileClasspath,implementationDependenciesMetadata,runtimeClasspath,testCompileClasspath,testFixturesApiDependenciesMetadata,testFixturesCompileClasspath,testFixturesImplementationDependenciesMetadata,testFixturesRuntimeClasspath,testImplementationDependenciesMetadata,testRuntimeClasspath
org.xmlunit:xmlunit-core:2.10.4=testCompileClasspath,testImplementationDependenciesMetadata,testRuntimeClasspath
org.yaml:snakeyaml:2.4=compileClasspath,implementationDependenciesMetadata,testCompileClasspath,testImplementationDependenciesMetadata
org.yaml:snakeyaml:2.5=runtimeClasspath,testFixturesRuntimeClasspath,testRuntimeClasspath
empty=intransitiveDependenciesMetadata,kotlinCompilerPluginClasspath,kotlinNativeCompilerPluginClasspath,kotlinScriptDefExtensions,testFixturesIntransitiveDependenciesMetadata,testFixturesKotlinScriptDefExtensions,testIntransitiveDependenciesMetadata,testKotlinScriptDefExtensions
