# This is a Gradle generated file for dependency locking.
# Manual edits can break the build and are not advised.
# This file is expected to be part of source control.
com.avast.gradle.docker-compose:com.avast.gradle.docker-compose.gradle.plugin:0.17.12=classpath
com.avast.gradle:gradle-docker-compose-plugin:0.17.12=classpath
com.fasterxml.jackson.core:jackson-annotations:2.21=classpath
com.fasterxml.jackson.core:jackson-core:2.21.4=classpath
com.fasterxml.jackson.core:jackson-databind:2.21.4=classpath
com.fasterxml.jackson.datatype:jackson-datatype-jsr310:2.21.4=classpath
com.fasterxml.jackson.module:jackson-module-parameter-names:2.21.4=classpath
com.fasterxml.jackson:jackson-bom:2.21.4=classpath
com.github.node-gradle.node:com.github.node-gradle.node.gradle.plugin:7.1.0=classpath
com.github.node-gradle:gradle-node-plugin:7.1.0=classpath
com.google.auth:google-auth-library-credentials:1.10.0=classpath
com.google.auth:google-auth-library-oauth2-http:1.10.0=classpath
com.google.auto.value:auto-value-annotations:1.9=classpath
com.google.cloud.tools.jib:com.google.cloud.tools.jib.gradle.plugin:3.5.1=classpath
com.google.cloud.tools:jib-build-plan:0.4.0=classpath
com.google.cloud.tools:jib-gradle-plugin-extension-api:0.4.0=classpath
com.google.cloud.tools:jib-gradle-plugin:3.5.1=classpath
com.google.cloud.tools:jib-plugins-extension-common:0.2.0=classpath
com.google.code.findbugs:jsr305:3.0.2=classpath
com.google.code.gson:gson:2.11.0=classpath
com.google.errorprone:error_prone_annotations:2.27.0=classpath
com.google.guava:failureaccess:1.0.1=classpath
com.google.guava:guava-parent:32.1.2-jre=classpath
com.google.guava:guava:32.1.2-jre=classpath
com.google.guava:listenablefuture:9999.0-empty-to-avoid-conflict-with-guava=classpath
com.google.http-client:google-http-client-apache-v2:1.42.2=classpath
com.google.http-client:google-http-client-gson:1.42.2=classpath
com.google.http-client:google-http-client:1.42.2=classpath
com.google.j2objc:j2objc-annotations:2.8=classpath
commons-codec:commons-codec:1.17.1=classpath
commons-io:commons-io:2.16.1=classpath
commons-logging:commons-logging:1.2=classpath
io.grpc:grpc-context:1.27.2=classpath
io.opencensus:opencensus-api:0.31.1=classpath
io.opencensus:opencensus-contrib-http-util:0.31.1=classpath
io.spring.gradle:dependency-management-plugin:1.1.7=classpath
net.java.dev.jna:jna-platform:5.17.0=classpath
net.java.dev.jna:jna:5.17.0=classpath
org.antlr:antlr4-runtime:4.7.2=classpath
org.apache.commons:commons-compress:1.27.1=classpath
org.apache.commons:commons-lang3:3.16.0=classpath
org.apache.httpcomponents.client5:httpclient5:5.5.2=classpath
org.apache.httpcomponents.core5:httpcore5-h2:5.3.6=classpath
org.apache.httpcomponents.core5:httpcore5:5.3.6=classpath
org.apache.httpcomponents:httpclient:4.5.13=classpath
org.apache.httpcomponents:httpcore:4.4.15=classpath
org.checkerframework:checker-qual:3.33.0=classpath
org.jetbrains.kotlin.jvm:org.jetbrains.kotlin.jvm.gradle.plugin:2.2.20=classpath
org.jetbrains.kotlin.plugin.spring:org.jetbrains.kotlin.plugin.spring.gradle.plugin:2.2.20=classpath
org.jetbrains.kotlin:abi-tools-api:2.2.20=classpath
org.jetbrains.kotlin:fus-statistics-gradle-plugin:2.2.20=classpath
org.jetbrains.kotlin:kotlin-allopen:2.2.20=classpath
org.jetbrains.kotlin:kotlin-build-statistics:2.2.20=classpath
org.jetbrains.kotlin:kotlin-build-tools-api:2.2.20=classpath
org.jetbrains.kotlin:kotlin-compiler-runner:2.2.20=classpath
org.jetbrains.kotlin:kotlin-daemon-client:2.2.20=classpath
org.jetbrains.kotlin:kotlin-gradle-plugin-annotations:2.2.20=classpath
org.jetbrains.kotlin:kotlin-gradle-plugin-api:2.2.20=classpath
org.jetbrains.kotlin:kotlin-gradle-plugin-idea-proto:2.2.20=classpath
org.jetbrains.kotlin:kotlin-gradle-plugin-idea:2.2.20=classpath
org.jetbrains.kotlin:kotlin-gradle-plugin-model:2.2.20=classpath
org.jetbrains.kotlin:kotlin-gradle-plugin:2.2.20=classpath
org.jetbrains.kotlin:kotlin-gradle-plugins-bom:2.2.20=classpath
org.jetbrains.kotlin:kotlin-klib-commonizer-api:2.2.20=classpath
org.jetbrains.kotlin:kotlin-native-utils:2.2.20=classpath
org.jetbrains.kotlin:kotlin-tooling-core:2.2.20=classpath
org.jetbrains.kotlin:kotlin-util-io:2.2.20=classpath
org.jetbrains.kotlin:kotlin-util-klib-metadata:2.2.20=classpath
org.jetbrains.kotlin:kotlin-util-klib:2.2.20=classpath
org.jetbrains.kotlinx:kotlinx-coroutines-core-jvm:1.8.0=classpath
org.ow2.asm:asm:9.9=classpath
org.slf4j:slf4j-api:1.7.36=classpath
org.springframework.boot:org.springframework.boot.gradle.plugin:3.5.16=classpath
org.springframework.boot:spring-boot-buildpack-platform:3.5.16=classpath
org.springframework.boot:spring-boot-gradle-plugin:3.5.16=classpath
org.springframework.boot:spring-boot-loader-tools:3.5.16=classpath
org.springframework:spring-core:6.2.19=classpath
org.springframework:spring-jcl:6.2.19=classpath
org.tomlj:tomlj:1.0.0=classpath
org.yaml:snakeyaml:2.3=classpath
empty=
